{
  "lockfileVersion": 1,
  "workspaces": {
    "": {
      "name": "pplka-explanations",
      "dependencies": {
        "postgres": "^3.4.4",
        "xxhashjs": "^0.2.2",
        "zod": "^3.24.2",
      },
      "devDependencies": {
        "@types/node": "^20.14.10",
        "@types/xxhashjs": "^0.2.4",
        "typescript": "^5.8.2",
      },
    },
  },
  "packages": {
    "@types/node": ["@types/node@20.19.30", "", { "dependencies": { "undici-types": "~6.21.0" } }, "sha512-WJtwWJu7UdlvzEAUm484QNg5eAoq5QR08KDNx7g45Usrs2NtOPiX8ugDqmKdXkyL03rBqU5dYNYVQetEpBHq2g=="],

    "@types/xxhashjs": ["@types/xxhashjs@0.2.4", "", { "dependencies": { "@types/node": "*" } }, "sha512-E2+ZoJY2JjmVPN0iQM5gJvZkk98O2PYXSi6HrciEk3EKF34+mauEk/HgwTeCz+2r8HXHMKpucrwy4qTT12OPaQ=="],

    "cuint": ["cuint@0.2.2", "", {}, "sha512-d4ZVpCW31eWwCMe1YT3ur7mUDnTXbgwyzaL320DrcRT45rfjYxkt5QWLrmOJ+/UEAI2+fQgKe/fCjR8l4TpRgw=="],

    "postgres": ["postgres@3.4.8", "", {}, "sha512-d+JFcLM17njZaOLkv6SCev7uoLaBtfK86vMUXhW1Z4glPWh4jozno9APvW/XKFJ3CCxVoC7OL38BqRydtu5nGg=="],

    "typescript": ["typescript@5.9.3", "", { "bin": { "tsc": "bin/tsc", "tsserver": "bin/tsserver" } }, "sha512-jl1vZzPDinLr9eUt3J/t7V6FgNEw9QjvBPdysz9KfQDD41fQrC2Y4vKQdiaUpFT4bXlb1RHhLpp8wtm6M5TgSw=="],

    "undici-types": ["undici-types@6.21.0", "", {}, "sha512-iwDZqg0QAGrg9Rav5H4n0M64c3mkR59cJ6wQp+7C4nI0gsmExaedaYLNO44eT4AtBBwjbTiGPMlt2Md0T9H9JQ=="],

    "xxhashjs": ["xxhashjs@0.2.2", "", { "dependencies": { "cuint": "^0.2.2" } }, "sha512-AkTuIuVTET12tpsVIQo+ZU6f/qDmKuRUcjaqR+OIvm+aCBsZ95i7UVY5WJ9TMsSaZ0DA2WxoZ4acu0sPH+OKAw=="],

    "zod": ["zod@3.25.76", "", {}, "sha512-gzUt/qt81nXsFGKIFcC3YnfEAx5NkunCfnDlvuBSSFS02bcXu4Lmea0AFIUwbLWxWPx3d9p8S5QoaujKcNQxcQ=="],
  }
}
